
Microsoft Visual Studio Solution File, Format Version 12.00
# Visual Studio Version 16
VisualStudioVersion = 16.0.34031.81
MinimumVisualStudioVersion = 10.0.40219.1
Project("{2150E333-8FDC-42A3-9474-1A3956D46DE8}") = "Task0", "Task0", "{5D67BAD8-0F05-4932-8BDF-85FA0D5FC141}"
EndProject
Project("{FAE04EC0-301F-11D3-BF4B-00C04F79EFBC}") = "Tyuiu.GaleevTS.Sprint6.Task0.V5.Lib", "Tyuiu.GaleevTS.Sprint6.Task0.V5.Lib\Tyuiu.GaleevTS.Sprint6.Task0.V5.Lib.csproj", "{76AC50C7-BB35-4B44-BEBB-D41E7E82526D}"
EndProject
Project("{FAE04EC0-301F-11D3-BF4B-00C04F79EFBC}") = "Tyuiu.GaleevTS.Sprint6.Task0.V5.Test", "Tyuiu.GaleevTS.Sprint6.Task0.V5.Test\Tyuiu.GaleevTS.Sprint6.Task0.V5.Test.csproj", "{D46DD2FE-3029-450E-8884-EC22F8B57BD5}"
EndProject
Project("{FAE04EC0-301F-11D3-BF4B-00C04F79EFBC}") = "Tyuiu.GaleevTS.Sprint6.Task0.V5", "Tyuiu.GaleevTS.Sprint6.Task0.V5\Tyuiu.GaleevTS.Sprint6.Task0.V5.csproj", "{B2D155F4-53D4-480B-A0CD-B7D68B040B13}"
EndProject
Project("{2150E333-8FDC-42A3-9474-1A3956D46DE8}") = "Task1", "Task1", "{6EAB27CD-59A4-4AB1-9701-A2253E3D6524}"
EndProject
Project("{FAE04EC0-301F-11D3-BF4B-00C04F79EFBC}") = "Tyuiu.GaleevTS.Sprint6.Task1.V10.Lib", "Tyuiu.GaleevTS.Sprint6.Task1.V10.Lib\Tyuiu.GaleevTS.Sprint6.Task1.V10.Lib.csproj", "{3124D043-3761-4A16-B274-7BA6A0500A28}"
EndProject
Project("{FAE04EC0-301F-11D3-BF4B-00C04F79EFBC}") = "Tyuiu.GaleevTS.Sprint6.Task1.V10", "Tyuiu.GaleevTS.Sprint6.Task1.V10\Tyuiu.GaleevTS.Sprint6.Task1.V10.csproj", "{A210721D-DA00-4A23-96B1-D38D6CA5D062}"
EndProject
Project("{FAE04EC0-301F-11D3-BF4B-00C04F79EFBC}") = "Tyuiu.GaleevTS.Sprint6.Task1.V10.Test", "Tyuiu.GaleevTS.Sprint6.Task1.V10.Test\Tyuiu.GaleevTS.Sprint6.Task1.V10.Test.csproj", "{4BD8CA22-B261-4E48-A791-63F13FBA3DAF}"
EndProject
Project("{2150E333-8FDC-42A3-9474-1A3956D46DE8}") = "Task2", "Task2", "{258530A3-F30E-49C7-BFC3-FD6F71BB5619}"
EndProject
Project("{FAE04EC0-301F-11D3-BF4B-00C04F79EFBC}") = "Tyuiu.GaleevTS.Sprint6.Task2.V23", "Tyuiu.GaleevTS.Sprint6.Task2.V23\Tyuiu.GaleevTS.Sprint6.Task2.V23.csproj", "{83EBD92D-E929-4845-A84E-65DD07D0DDA8}"
EndProject
Project("{FAE04EC0-301F-11D3-BF4B-00C04F79EFBC}") = "Tyuiu.GaleevTS.Sprint6.Task2.V23.Lib", "Tyuiu.GaleevTS.Sprint6.Task2.V23.Lib\Tyuiu.GaleevTS.Sprint6.Task2.V23.Lib.csproj", "{D6405D6E-D985-4194-987F-D81134B73977}"
EndProject
Project("{FAE04EC0-301F-11D3-BF4B-00C04F79EFBC}") = "Tyuiu.GaleevTS.Sprint6.Task2.V23.Test", "Tyuiu.GaleevTS.Sprint6.Task2.V23.Test\Tyuiu.GaleevTS.Sprint6.Task2.V23.Test.csproj", "{155546D5-F122-4C6F-80B3-200CEF86324D}"
EndProject
Project("{2150E333-8FDC-42A3-9474-1A3956D46DE8}") = "Task3", "Task3", "{4D0BB2B2-6698-47F4-92E0-0FDC2B260A56}"
EndProject
Project("{FAE04EC0-301F-11D3-BF4B-00C04F79EFBC}") = "Tyuiu.GaleevTS.Sprint6.Task3.V6", "Tyuiu.GaleevTS.Sprint6.Task3.V6\Tyuiu.GaleevTS.Sprint6.Task3.V6.csproj", "{032F422B-CFAC-470B-9194-E7D16B85A106}"
EndProject
Project("{FAE04EC0-301F-11D3-BF4B-00C04F79EFBC}") = "Tyuiu.GaleevTS.Sprint6.Task3.V6.Test", "Tyuiu.GaleevTS.Sprint6.Task3.V6.Test\Tyuiu.GaleevTS.Sprint6.Task3.V6.Test.csproj", "{A6EB2AD4-14C3-497D-A0C3-909CD9CCC815}"
EndProject
Project("{FAE04EC0-301F-11D3-BF4B-00C04F79EFBC}") = "Tyuiu.GaleevTS.Sprint6.Task3.V6.Lib", "Tyuiu.GaleevTS.Sprint6.Task3.V6.Lib\Tyuiu.GaleevTS.Sprint6.Task3.V6.Lib.csproj", "{F557CAC7-A268-4663-918B-027F91630519}"
EndProject
Project("{2150E333-8FDC-42A3-9474-1A3956D46DE8}") = "Task4", "Task4", "{5B5FA6E3-DAB8-4E5E-B491-017144BF5C16}"
EndProject
Project("{FAE04EC0-301F-11D3-BF4B-00C04F79EFBC}") = "Tyuiu.GaleevTS.Sprint6.Task4.V6", "Tyuiu.GaleevTS.Sprint6.Task4.V6\Tyuiu.GaleevTS.Sprint6.Task4.V6.csproj", "{BBF35DD9-7B0F-4590-AE59-E84F0B7EE23D}"
EndProject
Project("{FAE04EC0-301F-11D3-BF4B-00C04F79EFBC}") = "Tyuiu.GaleevTS.Sprint6.Task4.V6.Lib", "Tyuiu.GaleevTS.Sprint6.Task4.V6.Lib\Tyuiu.GaleevTS.Sprint6.Task4.V6.Lib.csproj", "{998A83DA-1199-41EE-AE8F-95423960BFE5}"
EndProject
Project("{FAE04EC0-301F-11D3-BF4B-00C04F79EFBC}") = "Tyuiu.GaleevTS.Sprint6.Task4.V6.Test", "Tyuiu.GaleevTS.Sprint6.Task4.V6.Test\Tyuiu.GaleevTS.Sprint6.Task4.V6.Test.csproj", "{C990A5E5-D2F8-4ABA-A1BF-CCD2E80A254D}"
EndProject
Project("{2150E333-8FDC-42A3-9474-1A3956D46DE8}") = "Task5", "Task5", "{F398825D-99E3-41C3-BA0F-6201A2253526}"
EndProject
Project("{FAE04EC0-301F-11D3-BF4B-00C04F79EFBC}") = "Tyuiu.GaleevTS.Sprint6.Task5.V22", "Tyuiu.GaleevTS.Sprint6.Task5.V22\Tyuiu.GaleevTS.Sprint6.Task5.V22.csproj", "{32FD48E4-81F6-45C2-AA9F-F1462CA6FAFE}"
EndProject
Project("{FAE04EC0-301F-11D3-BF4B-00C04F79EFBC}") = "Tyuiu.GaleevTS.Sprint6.Task5.V22.Lib", "Tyuiu.GaleevTS.Sprint6.Task5.V22.Lib\Tyuiu.GaleevTS.Sprint6.Task5.V22.Lib.csproj", "{EA47C3FE-657C-4FF5-8B7D-012EC7796986}"
EndProject
Project("{FAE04EC0-301F-11D3-BF4B-00C04F79EFBC}") = "Tyuiu.GaleevTS.Sprint6.Task5.V22.Test", "Tyuiu.GaleevTS.Sprint6.Task5.V22.Test\Tyuiu.GaleevTS.Sprint6.Task5.V22.Test.csproj", "{9D914103-3058-4335-9C8D-37325E0FBAEC}"
EndProject
Global
	GlobalSection(SolutionConfigurationPlatforms) = preSolution
		Debug|Any CPU = Debug|Any CPU
		Release|Any CPU = Release|Any CPU
	EndGlobalSection
	GlobalSection(ProjectConfigurationPlatforms) = postSolution
		{76AC50C7-BB35-4B44-BEBB-D41E7E82526D}.Debug|Any CPU.ActiveCfg = Debug|Any CPU
		{76AC50C7-BB35-4B44-BEBB-D41E7E82526D}.Debug|Any CPU.Build.0 = Debug|Any CPU
		{76AC50C7-BB35-4B44-BEBB-D41E7E82526D}.Release|Any CPU.ActiveCfg = Release|Any CPU
		{76AC50C7-BB35-4B44-BEBB-D41E7E82526D}.Release|Any CPU.Build.0 = Release|Any CPU
		{D46DD2FE-3029-450E-8884-EC22F8B57BD5}.Debug|Any CPU.ActiveCfg = Debug|Any CPU
		{D46DD2FE-3029-450E-8884-EC22F8B57BD5}.Debug|Any CPU.Build.0 = Debug|Any CPU
		{D46DD2FE-3029-450E-8884-EC22F8B57BD5}.Release|Any CPU.ActiveCfg = Release|Any CPU
		{D46DD2FE-3029-450E-8884-EC22F8B57BD5}.Release|Any CPU.Build.0 = Release|Any CPU
		{B2D155F4-53D4-480B-A0CD-B7D68B040B13}.Debug|Any CPU.ActiveCfg = Debug|Any CPU
		{B2D155F4-53D4-480B-A0CD-B7D68B040B13}.Debug|Any CPU.Build.0 = Debug|Any CPU
		{B2D155F4-53D4-480B-A0CD-B7D68B040B13}.Release|Any CPU.ActiveCfg = Release|Any CPU
		{B2D155F4-53D4-480B-A0CD-B7D68B040B13}.Release|Any CPU.Build.0 = Release|Any CPU
		{3124D043-3761-4A16-B274-7BA6A0500A28}.Debug|Any CPU.ActiveCfg = Debug|Any CPU
		{3124D043-3761-4A16-B274-7BA6A0500A28}.Debug|Any CPU.Build.0 = Debug|Any CPU
		{3124D043-3761-4A16-B274-7BA6A0500A28}.Release|Any CPU.ActiveCfg = Release|Any CPU
		{3124D043-3761-4A16-B274-7BA6A0500A28}.Release|Any CPU.Build.0 = Release|Any CPU
		{A210721D-DA00-4A23-96B1-D38D6CA5D062}.Debug|Any CPU.ActiveCfg = Debug|Any CPU
		{A210721D-DA00-4A23-96B1-D38D6CA5D062}.Debug|Any CPU.Build.0 = Debug|Any CPU
		{A210721D-DA00-4A23-96B1-D38D6CA5D062}.Release|Any CPU.ActiveCfg = Release|Any CPU
		{A210721D-DA00-4A23-96B1-D38D6CA5D062}.Release|Any CPU.Build.0 = Release|Any CPU
		{4BD8CA22-B261-4E48-A791-63F13FBA3DAF}.Debug|Any CPU.ActiveCfg = Debug|Any CPU
		{4BD8CA22-B261-4E48-A791-63F13FBA3DAF}.Debug|Any CPU.Build.0 = Debug|Any CPU
		{4BD8CA22-B261-4E48-A791-63F13FBA3DAF}.Release|Any CPU.ActiveCfg = Release|Any CPU
		{4BD8CA22-B261-4E48-A791-63F13FBA3DAF}.Release|Any CPU.Build.0 = Release|Any CPU
		{83EBD92D-E929-4845-A84E-65DD07D0DDA8}.Debug|Any CPU.ActiveCfg = Debug|Any CPU
		{83EBD92D-E929-4845-A84E-65DD07D0DDA8}.Debug|Any CPU.Build.0 = Debug|Any CPU
		{83EBD92D-E929-4845-A84E-65DD07D0DDA8}.Release|Any CPU.ActiveCfg = Release|Any CPU
		{83EBD92D-E929-4845-A84E-65DD07D0DDA8}.Release|Any CPU.Build.0 = Release|Any CPU
		{D6405D6E-D985-4194-987F-D81134B73977}.Debug|Any CPU.ActiveCfg = Debug|Any CPU
		{D6405D6E-D985-4194-987F-D81134B73977}.Debug|Any CPU.Build.0 = Debug|Any CPU
		{D6405D6E-D985-4194-987F-D81134B73977}.Release|Any CPU.ActiveCfg = Release|Any CPU
		{D6405D6E-D985-4194-987F-D81134B73977}.Release|Any CPU.Build.0 = Release|Any CPU
		{155546D5-F122-4C6F-80B3-200CEF86324D}.Debug|Any CPU.ActiveCfg = Debug|Any CPU
		{155546D5-F122-4C6F-80B3-200CEF86324D}.Debug|Any CPU.Build.0 = Debug|Any CPU
		{155546D5-F122-4C6F-80B3-200CEF86324D}.Release|Any CPU.ActiveCfg = Release|Any CPU
		{155546D5-F122-4C6F-80B3-200CEF86324D}.Release|Any CPU.Build.0 = Release|Any CPU
		{032F422B-CFAC-470B-9194-E7D16B85A106}.Debug|Any CPU.ActiveCfg = Debug|Any CPU
		{032F422B-CFAC-470B-9194-E7D16B85A106}.Debug|Any CPU.Build.0 = Debug|Any CPU
		{032F422B-CFAC-470B-9194-E7D16B85A106}.Release|Any CPU.ActiveCfg = Release|Any CPU
		{032F422B-CFAC-470B-9194-E7D16B85A106}.Release|Any CPU.Build.0 = Release|Any CPU
		{A6EB2AD4-14C3-497D-A0C3-909CD9CCC815}.Debug|Any CPU.ActiveCfg = Debug|Any CPU
		{A6EB2AD4-14C3-497D-A0C3-909CD9CCC815}.Debug|Any CPU.Build.0 = Debug|Any CPU
		{A6EB2AD4-14C3-497D-A0C3-909CD9CCC815}.Release|Any CPU.ActiveCfg = Release|Any CPU
		{A6EB2AD4-14C3-497D-A0C3-909CD9CCC815}.Release|Any CPU.Build.0 = Release|Any CPU
		{F557CAC7-A268-4663-918B-027F91630519}.Debug|Any CPU.ActiveCfg = Debug|Any CPU
		{F557CAC7-A268-4663-918B-027F91630519}.Debug|Any CPU.Build.0 = Debug|Any CPU
		{F557CAC7-A268-4663-918B-027F91630519}.Release|Any CPU.ActiveCfg = Release|Any CPU
		{F557CAC7-A268-4663-918B-027F91630519}.Release|Any CPU.Build.0 = Release|Any CPU
		{BBF35DD9-7B0F-4590-AE59-E84F0B7EE23D}.Debug|Any CPU.ActiveCfg = Debug|Any CPU
		{BBF35DD9-7B0F-4590-AE59-E84F0B7EE23D}.Debug|Any CPU.Build.0 = Debug|Any CPU
		{BBF35DD9-7B0F-4590-AE59-E84F0B7EE23D}.Release|Any CPU.ActiveCfg = Release|Any CPU
		{BBF35DD9-7B0F-4590-AE59-E84F0B7EE23D}.Release|Any CPU.Build.0 = Release|Any CPU
		{998A83DA-1199-41EE-AE8F-95423960BFE5}.Debug|Any CPU.ActiveCfg = Debug|Any CPU
		{998A83DA-1199-41EE-AE8F-95423960BFE5}.Debug|Any CPU.Build.0 = Debug|Any CPU
		{998A83DA-1199-41EE-AE8F-95423960BFE5}.Release|Any CPU.ActiveCfg = Release|Any CPU
		{998A83DA-1199-41EE-AE8F-95423960BFE5}.Release|Any CPU.Build.0 = Release|Any CPU
		{C990A5E5-D2F8-4ABA-A1BF-CCD2E80A254D}.Debug|Any CPU.ActiveCfg = Debug|Any CPU
		{C990A5E5-D2F8-4ABA-A1BF-CCD2E80A254D}.Debug|Any CPU.Build.0 = Debug|Any CPU
		{C990A5E5-D2F8-4ABA-A1BF-CCD2E80A254D}.Release|Any CPU.ActiveCfg = Release|Any CPU
		{C990A5E5-D2F8-4ABA-A1BF-CCD2E80A254D}.Release|Any CPU.Build.0 = Release|Any CPU
		{32FD48E4-81F6-45C2-AA9F-F1462CA6FAFE}.Debug|Any CPU.ActiveCfg = Debug|Any CPU
		{32FD48E4-81F6-45C2-AA9F-F1462CA6FAFE}.Debug|Any CPU.Build.0 = Debug|Any CPU
		{32FD48E4-81F6-45C2-AA9F-F1462CA6FAFE}.Release|Any CPU.ActiveCfg = Release|Any CPU
		{32FD48E4-81F6-45C2-AA9F-F1462CA6FAFE}.Release|Any CPU.Build.0 = Release|Any CPU
		{EA47C3FE-657C-4FF5-8B7D-012EC7796986}.Debug|Any CPU.ActiveCfg = Debug|Any CPU
		{EA47C3FE-657C-4FF5-8B7D-012EC7796986}.Debug|Any CPU.Build.0 = Debug|Any CPU
		{EA47C3FE-657C-4FF5-8B7D-012EC7796986}.Release|Any CPU.ActiveCfg = Release|Any CPU
		{EA47C3FE-657C-4FF5-8B7D-012EC7796986}.Release|Any CPU.Build.0 = Release|Any CPU
		{9D914103-3058-4335-9C8D-37325E0FBAEC}.Debug|Any CPU.ActiveCfg = Debug|Any CPU
		{9D914103-3058-4335-9C8D-37325E0FBAEC}.Debug|Any CPU.Build.0 = Debug|Any CPU
		{9D914103-3058-4335-9C8D-37325E0FBAEC}.Release|Any CPU.ActiveCfg = Release|Any CPU
		{9D914103-3058-4335-9C8D-37325E0FBAEC}.Release|Any CPU.Build.0 = Release|Any CPU
	EndGlobalSection
	GlobalSection(SolutionProperties) = preSolution
		HideSolutionNode = FALSE
	EndGlobalSection
	GlobalSection(NestedProjects) = preSolution
		{76AC50C7-BB35-4B44-BEBB-D41E7E82526D} = {5D67BAD8-0F05-4932-8BDF-85FA0D5FC141}
		{D46DD2FE-3029-450E-8884-EC22F8B57BD5} = {5D67BAD8-0F05-4932-8BDF-85FA0D5FC141}
		{B2D155F4-53D4-480B-A0CD-B7D68B040B13} = {5D67BAD8-0F05-4932-8BDF-85FA0D5FC141}
		{3124D043-3761-4A16-B274-7BA6A0500A28} = {6EAB27CD-59A4-4AB1-9701-A2253E3D6524}
		{A210721D-DA00-4A23-96B1-D38D6CA5D062} = {6EAB27CD-59A4-4AB1-9701-A2253E3D6524}
		{4BD8CA22-B261-4E48-A791-63F13FBA3DAF} = {6EAB27CD-59A4-4AB1-9701-A2253E3D6524}
		{83EBD92D-E929-4845-A84E-65DD07D0DDA8} = {258530A3-F30E-49C7-BFC3-FD6F71BB5619}
		{D6405D6E-D985-4194-987F-D81134B73977} = {258530A3-F30E-49C7-BFC3-FD6F71BB5619}
		{155546D5-F122-4C6F-80B3-200CEF86324D} = {258530A3-F30E-49C7-BFC3-FD6F71BB5619}
		{032F422B-CFAC-470B-9194-E7D16B85A106} = {4D0BB2B2-6698-47F4-92E0-0FDC2B260A56}
		{A6EB2AD4-14C3-497D-A0C3-909CD9CCC815} = {4D0BB2B2-6698-47F4-92E0-0FDC2B260A56}
		{F557CAC7-A268-4663-918B-027F91630519} = {4D0BB2B2-6698-47F4-92E0-0FDC2B260A56}
		{BBF35DD9-7B0F-4590-AE59-E84F0B7EE23D} = {5B5FA6E3-DAB8-4E5E-B491-017144BF5C16}
		{998A83DA-1199-41EE-AE8F-95423960BFE5} = {5B5FA6E3-DAB8-4E5E-B491-017144BF5C16}
		{C990A5E5-D2F8-4ABA-A1BF-CCD2E80A254D} = {5B5FA6E3-DAB8-4E5E-B491-017144BF5C16}
		{32FD48E4-81F6-45C2-AA9F-F1462CA6FAFE} = {F398825D-99E3-41C3-BA0F-6201A2253526}
		{EA47C3FE-657C-4FF5-8B7D-012EC7796986} = {F398825D-99E3-41C3-BA0F-6201A2253526}
		{9D914103-3058-4335-9C8D-37325E0FBAEC} = {F398825D-99E3-41C3-BA0F-6201A2253526}
	EndGlobalSection
	GlobalSection(ExtensibilityGlobals) = postSolution
		SolutionGuid = {ABDC4A9A-63AA-4E2B-820D-4D13A1F2C268}
	EndGlobalSection
EndGlobal
